{
  "name": "@atlasent/sdk",
  "version": "2.15.0",
  "lockfileVersion": 3,
  "requires": true,
  "packages": {
    "": {
      "name": "@atlasent/sdk",
      "version": "2.15.0",
      "license": "Apache-2.0",
      "devDependencies": {
        "@size-limit/esbuild": "^12.1.0",
        "@size-limit/file": "^12.1.0",
        "@types/express": "^5.0.6",
        "@types/jsdom": "^28.0.1",
        "@types/node": "^25.6.0",
        "@vitest/coverage-v8": "^4.1.5",
        "hono": "^4.12.15",
        "jsdom": "^29.1.0",
        "size-limit": "^12.1.0",
        "tsup": "^8.0.2",
        "tsx": "^4.7.2",
        "typescript": "^6.0.3",
        "vitest": "^4.1.5"
      },
      "engines": {
        "node": ">=18"
      },
      "peerDependencies": {
        "express": "^4.0.0 || ^5.0.0",
        "hono": "^4.0.0"
      },
      "peerDependenciesMeta": {
        "express": {
          "optional": true
        },
        "hono": {
          "optional": true
        }
      }
    }
  }
}
